// !$*UTF8*$!
{
	archiveVersion = 1;
	classes = {
	};
	objectVersion = 56;
	objects = {

/* Begin PBXBuildFile section */
		703B3031290A9A4F00803B79 /* TextBox.swift in Sources */ = {isa = PBXBuildFile; fileRef = 703B3030290A9A4F00803B79 /* TextBox.swift */; };
		704E2FE329080BE50012692E /* IOSContest2022App.swift in Sources */ = {isa = PBXBuildFile; fileRef = 704E2FE229080BE50012692E /* IOSContest2022App.swift */; };
		704E2FE529080BE50012692E /* ContentView.swift in Sources */ = {isa = PBXBuildFile; fileRef = 704E2FE429080BE50012692E /* ContentView.swift */; };
		704E2FE729080BE50012692E /* Assets.xcassets in Resources */ = {isa = PBXBuildFile; fileRef = 704E2FE629080BE50012692E /* Assets.xcassets */; };
		704E2FEA29080BE50012692E /* Preview Assets.xcassets in Resources */ = {isa = PBXBuildFile; fileRef = 704E2FE929080BE50012692E /* Preview Assets.xcassets */; };
		70990DF0290BB44100AD1F4D /* AppDelegate.swift in Sources */ = {isa = PBXBuildFile; fileRef = 70990DEF290BB44100AD1F4D /* AppDelegate.swift */; };
		70990DF2290BB46500AD1F4D /* SceneDelegate.swift in Sources */ = {isa = PBXBuildFile; fileRef = 70990DF1290BB46500AD1F4D /* SceneDelegate.swift */; };
		70990DF4290C047600AD1F4D /* AccessScreen.swift in Sources */ = {isa = PBXBuildFile; fileRef = 70990DF3290C047600AD1F4D /* AccessScreen.swift */; };
		70B79F3F290A7B76007A34A0 /* ImagePicker.swift in Sources */ = {isa = PBXBuildFile; fileRef = 70B79F3E290A7B76007A34A0 /* ImagePicker.swift */; };
		70B79F41290A7E14007A34A0 /* DrawingViewModel.swift in Sources */ = {isa = PBXBuildFile; fileRef = 70B79F40290A7E14007A34A0 /* DrawingViewModel.swift */; };
		70B79F43290A83EB007A34A0 /* DrawingScreen.swift in Sources */ = {isa = PBXBuildFile; fileRef = 70B79F42290A83EB007A34A0 /* DrawingScreen.swift */; };
		70B79F45290A883A007A34A0 /* ToolPicker.swift in Sources */ = {isa = PBXBuildFile; fileRef = 70B79F44290A883A007A34A0 /* ToolPicker.swift */; };
		70BF0EE1290E66B700D92EC0 /* CustomSlider.swift in Sources */ = {isa = PBXBuildFile; fileRef = 70BF0EE0290E66B700D92EC0 /* CustomSlider.swift */; };
		70BF0EE3290E87CF00D92EC0 /* TextScreen.swift in Sources */ = {isa = PBXBuildFile; fileRef = 70BF0EE2290E87CF00D92EC0 /* TextScreen.swift */; };
		70BF0EE6290EAA0400D92EC0 /* Lottie in Frameworks */ = {isa = PBXBuildFile; productRef = 70BF0EE5290EAA0400D92EC0 /* Lottie */; };
		70BF0EE9290EAC1500D92EC0 /* backToCancel.json in Resources */ = {isa = PBXBuildFile; fileRef = 70BF0EE8290EAC1500D92EC0 /* backToCancel.json */; };
		70BF0EEC290EAC2A00D92EC0 /* duck.json in Resources */ = {isa = PBXBuildFile; fileRef = 70BF0EEA290EAC2A00D92EC0 /* duck.json */; };
		70BF0EEF290EBDD900D92EC0 /* ToolView.swift in Sources */ = {isa = PBXBuildFile; fileRef = 70BF0EEE290EBDD800D92EC0 /* ToolView.swift */; };
		70C59C33290D22930046241D /* Tool.swift in Sources */ = {isa = PBXBuildFile; fileRef = 70C59C32290D22930046241D /* Tool.swift */; };
		70E409F9290A6CF0001E1920 /* Home.swift in Sources */ = {isa = PBXBuildFile; fileRef = 70E409F8290A6CF0001E1920 /* Home.swift */; };
/* End PBXBuildFile section */

/* Begin PBXFileReference section */
		703B3030290A9A4F00803B79 /* TextBox.swift */ = {isa = PBXFileReference; lastKnownFileType = sourcecode.swift; path = TextBox.swift; sourceTree = "<group>"; };
		704E2FDF29080BE50012692E /* IOSContest2022.app */ = {isa = PBXFileReference; explicitFileType = wrapper.application; includeInIndex = 0; path = IOSContest2022.app; sourceTree = BUILT_PRODUCTS_DIR; };
		704E2FE229080BE50012692E /* IOSContest2022App.swift */ = {isa = PBXFileReference; lastKnownFileType = sourcecode.swift; path = IOSContest2022App.swift; sourceTree = "<group>"; };
		704E2FE429080BE50012692E /* ContentView.swift */ = {isa = PBXFileReference; lastKnownFileType = sourcecode.swift; path = ContentView.swift; sourceTree = "<group>"; };
		704E2FE629080BE50012692E /* Assets.xcassets */ = {isa = PBXFileReference; lastKnownFileType = folder.assetcatalog; path = Assets.xcassets; sourceTree = "<group>"; };
		704E2FE929080BE50012692E /* Preview Assets.xcassets */ = {isa = PBXFileReference; lastKnownFileType = folder.assetcatalog; path = "Preview Assets.xcassets"; sourceTree = "<group>"; };
		70990DEA290BACD000AD1F4D /* Info.plist */ = {isa = PBXFileReference; lastKnownFileType = text.plist; path = Info.plist; sourceTree = "<group>"; };
		70990DEF290BB44100AD1F4D /* AppDelegate.swift */ = {isa = PBXFileReference; lastKnownFileType = sourcecode.swift; path = AppDelegate.swift; sourceTree = "<group>"; };
		70990DF1290BB46500AD1F4D /* SceneDelegate.swift */ = {isa = PBXFileReference; lastKnownFileType = sourcecode.swift; path = SceneDelegate.swift; sourceTree = "<group>"; };
		70990DF3290C047600AD1F4D /* AccessScreen.swift */ = {isa = PBXFileReference; lastKnownFileType = sourcecode.swift; path = AccessScreen.swift; sourceTree = "<group>"; };
		70B79F3E290A7B76007A34A0 /* ImagePicker.swift */ = {isa = PBXFileReference; lastKnownFileType = sourcecode.swift; path = ImagePicker.swift; sourceTree = "<group>"; };
		70B79F40290A7E14007A34A0 /* DrawingViewModel.swift */ = {isa = PBXFileReference; lastKnownFileType = sourcecode.swift; path = DrawingViewModel.swift; sourceTree = "<group>"; };
		70B79F42290A83EB007A34A0 /* DrawingScreen.swift */ = {isa = PBXFileReference; lastKnownFileType = sourcecode.swift; path = DrawingScreen.swift; sourceTree = "<group>"; };
		70B79F44290A883A007A34A0 /* ToolPicker.swift */ = {isa = PBXFileReference; lastKnownFileType = sourcecode.swift; path = ToolPicker.swift; sourceTree = "<group>"; };
		70BF0EE0290E66B700D92EC0 /* CustomSlider.swift */ = {isa = PBXFileReference; lastKnownFileType = sourcecode.swift; path = CustomSlider.swift; sourceTree = "<group>"; };
		70BF0EE2290E87CF00D92EC0 /* TextScreen.swift */ = {isa = PBXFileReference; lastKnownFileType = sourcecode.swift; path = TextScreen.swift; sourceTree = "<group>"; };
		70BF0EE8290EAC1500D92EC0 /* backToCancel.json */ = {isa = PBXFileReference; fileEncoding = 4; lastKnownFileType = text.json; path = backToCancel.json; sourceTree = "<group>"; };
		70BF0EEA290EAC2A00D92EC0 /* duck.json */ = {isa = PBXFileReference; fileEncoding = 4; lastKnownFileType = text.json; path = duck.json; sourceTree = "<group>"; };
		70BF0EEE290EBDD800D92EC0 /* ToolView.swift */ = {isa = PBXFileReference; lastKnownFileType = sourcecode.swift; path = ToolView.swift; sourceTree = "<group>"; };
		70C59C32290D22930046241D /* Tool.swift */ = {isa = PBXFileReference; lastKnownFileType = sourcecode.swift; path = Tool.swift; sourceTree = "<group>"; };
		70E409F8290A6CF0001E1920 /* Home.swift */ = {isa = PBXFileReference; lastKnownFileType = sourcecode.swift; path = Home.swift; sourceTree = "<group>"; };
/* End PBXFileReference section */

/* Begin PBXFrameworksBuildPhase section */
		704E2FDC29080BE50012692E /* Frameworks */ = {
			isa = PBXFrameworksBuildPhase;
			buildActionMask = 2147483647;
			files = (
				70BF0EE6290EAA0400D92EC0 /* Lottie in Frameworks */,
			);
			runOnlyForDeploymentPostprocessing = 0;
		};
/* End PBXFrameworksBuildPhase section */

/* Begin PBXGroup section */
		704E2FD629080BE50012692E = {
			isa = PBXGroup;
			children = (
				704E2FE129080BE50012692E /* IOSContest2022 */,
				704E2FE029080BE50012692E /* Products */,
			);
			sourceTree = "<group>";
		};
		704E2FE029080BE50012692E /* Products */ = {
			isa = PBXGroup;
			children = (
				704E2FDF29080BE50012692E /* IOSContest2022.app */,
			);
			name = Products;
			sourceTree = "<group>";
		};
		704E2FE129080BE50012692E /* IOSContest2022 */ = {
			isa = PBXGroup;
			children = (
				70990DEA290BACD000AD1F4D /* Info.plist */,
				70990DEF290BB44100AD1F4D /* AppDelegate.swift */,
				704E2FE429080BE50012692E /* ContentView.swift */,
				704E2FE229080BE50012692E /* IOSContest2022App.swift */,
				70990DF1290BB46500AD1F4D /* SceneDelegate.swift */,
				704E2FE629080BE50012692E /* Assets.xcassets */,
				70BF0EE7290EAC0600D92EC0 /* Animations */,
				70E409F6290A6BE8001E1920 /* Model */,
				704E2FE829080BE50012692E /* Preview Content */,
				70E409F5290A6BE0001E1920 /* View */,
				70E409F7290A6BEC001E1920 /* ViewModel */,
			);
			path = IOSContest2022;
			sourceTree = "<group>";
		};
		704E2FE829080BE50012692E /* Preview Content */ = {
			isa = PBXGroup;
			children = (
				704E2FE929080BE50012692E /* Preview Assets.xcassets */,
			);
			path = "Preview Content";
			sourceTree = "<group>";
		};
		70BF0EE7290EAC0600D92EC0 /* Animations */ = {
			isa = PBXGroup;
			children = (
				70BF0EE8290EAC1500D92EC0 /* backToCancel.json */,
				70BF0EEA290EAC2A00D92EC0 /* duck.json */,
			);
			path = Animations;
			sourceTree = "<group>";
		};
		70E409F5290A6BE0001E1920 /* View */ = {
			isa = PBXGroup;
			children = (
				70990DF3290C047600AD1F4D /* AccessScreen.swift */,
				70BF0EE0290E66B700D92EC0 /* CustomSlider.swift */,
				70B79F42290A83EB007A34A0 /* DrawingScreen.swift */,
				70E409F8290A6CF0001E1920 /* Home.swift */,
				70B79F3E290A7B76007A34A0 /* ImagePicker.swift */,
				70BF0EE2290E87CF00D92EC0 /* TextScreen.swift */,
				70B79F44290A883A007A34A0 /* ToolPicker.swift */,
				70BF0EEE290EBDD800D92EC0 /* ToolView.swift */,
			);
			path = View;
			sourceTree = "<group>";
		};
		70E409F6290A6BE8001E1920 /* Model */ = {
			isa = PBXGroup;
			children = (
				703B3030290A9A4F00803B79 /* TextBox.swift */,
				70C59C32290D22930046241D /* Tool.swift */,
			);
			path = Model;
			sourceTree = "<group>";
		};
		70E409F7290A6BEC001E1920 /* ViewModel */ = {
			isa = PBXGroup;
			children = (
				70B79F40290A7E14007A34A0 /* DrawingViewModel.swift */,
			);
			path = ViewModel;
			sourceTree = "<group>";
		};
/* End PBXGroup section */

/* Begin PBXNativeTarget section */
		704E2FDE29080BE50012692E /* IOSContest2022 */ = {
			isa = PBXNativeTarget;
			buildConfigurationList = 704E2FED29080BE50012692E /* Build configuration list for PBXNativeTarget "IOSContest2022" */;
			buildPhases = (
				704E2FDB29080BE50012692E /* Sources */,
				704E2FDC29080BE50012692E /* Frameworks */,
				704E2FDD29080BE50012692E /* Resources */,
			);
			buildRules = (
			);
			dependencies = (
			);
			name = IOSContest2022;
			packageProductDependencies = (
				70BF0EE5290EAA0400D92EC0 /* Lottie */,
			);
			productName = IOSContest2022;
			productReference = 704E2FDF29080BE50012692E /* IOSContest2022.app */;
			productType = "com.apple.product-type.application";
		};
/* End PBXNativeTarget section */

/* Begin PBXProject section */
		704E2FD729080BE50012692E /* Project object */ = {
			isa = PBXProject;
			attributes = {
				BuildIndependentTargetsInParallel = 1;
				LastSwiftUpdateCheck = 1400;
				LastUpgradeCheck = 1400;
				TargetAttributes = {
					704E2FDE29080BE50012692E = {
						CreatedOnToolsVersion = 14.0.1;
					};
				};
			};
			buildConfigurationList = 704E2FDA29080BE50012692E /* Build configuration list for PBXProject "IOSContest2022" */;
			compatibilityVersion = "Xcode 14.0";
			developmentRegion = en;
			hasScannedForEncodings = 0;
			knownRegions = (
				en,
				Base,
			);
			mainGroup = 704E2FD629080BE50012692E;
			packageReferences = (
				70BF0EE4290EAA0400D92EC0 /* XCRemoteSwiftPackageReference "lottie-ios" */,
			);
			productRefGroup = 704E2FE029080BE50012692E /* Products */;
			projectDirPath = "";
			projectRoot = "";
			targets = (
				704E2FDE29080BE50012692E /* IOSContest2022 */,
			);
		};
/* End PBXProject section */

/* Begin PBXResourcesBuildPhase section */
		704E2FDD29080BE50012692E /* Resources */ = {
			isa = PBXResourcesBuildPhase;
			buildActionMask = 2147483647;
			files = (
				70BF0EEC290EAC2A00D92EC0 /* duck.json in Resources */,
				704E2FEA29080BE50012692E /* Preview Assets.xcassets in Resources */,
				70BF0EE9290EAC1500D92EC0 /* backToCancel.json in Resources */,
				704E2FE729080BE50012692E /* Assets.xcassets in Resources */,
			);
			runOnlyForDeploymentPostprocessing = 0;
		};
/* End PBXResourcesBuildPhase section */

/* Begin PBXSourcesBuildPhase section */
		704E2FDB29080BE50012692E /* Sources */ = {
			isa = PBXSourcesBuildPhase;
			buildActionMask = 2147483647;
			files = (
				704E2FE529080BE50012692E /* ContentView.swift in Sources */,
				70B79F3F290A7B76007A34A0 /* ImagePicker.swift in Sources */,
				70990DF4290C047600AD1F4D /* AccessScreen.swift in Sources */,
				70C59C33290D22930046241D /* Tool.swift in Sources */,
				70B79F43290A83EB007A34A0 /* DrawingScreen.swift in Sources */,
				70990DF0290BB44100AD1F4D /* AppDelegate.swift in Sources */,
				70B79F41290A7E14007A34A0 /* DrawingViewModel.swift in Sources */,
				70BF0EEF290EBDD900D92EC0 /* ToolView.swift in Sources */,
				70990DF2290BB46500AD1F4D /* SceneDelegate.swift in Sources */,
				70BF0EE3290E87CF00D92EC0 /* TextScreen.swift in Sources */,
				70E409F9290A6CF0001E1920 /* Home.swift in Sources */,
				70B79F45290A883A007A34A0 /* ToolPicker.swift in Sources */,
				70BF0EE1290E66B700D92EC0 /* CustomSlider.swift in Sources */,
				703B3031290A9A4F00803B79 /* TextBox.swift in Sources */,
				704E2FE329080BE50012692E /* IOSContest2022App.swift in Sources */,
			);
			runOnlyForDeploymentPostprocessing = 0;
		};
/* End PBXSourcesBuildPhase section */

/* Begin XCBuildConfiguration section */
		704E2FEB29080BE50012692E /* Debug */ = {
			isa = XCBuildConfiguration;
			buildSettings = {
				ALWAYS_SEARCH_USER_PATHS = NO;
				CLANG_ANALYZER_NONNULL = YES;
				CLANG_ANALYZER_NUMBER_OBJECT_CONVERSION = YES_AGGRESSIVE;
				CLANG_CXX_LANGUAGE_STANDARD = "gnu++20";
				CLANG_ENABLE_MODULES = YES;
				CLANG_ENABLE_OBJC_ARC = YES;
				CLANG_ENABLE_OBJC_WEAK = YES;
				CLANG_WARN_BLOCK_CAPTURE_AUTORELEASING = YES;
				CLANG_WARN_BOOL_CONVERSION = YES;
				CLANG_WARN_COMMA = YES;
				CLANG_WARN_CONSTANT_CONVERSION = YES;
				CLANG_WARN_DEPRECATED_OBJC_IMPLEMENTATIONS = YES;
				CLANG_WARN_DIRECT_OBJC_ISA_USAGE = YES_ERROR;
				CLANG_WARN_DOCUMENTATION_COMMENTS = YES;
				CLANG_WARN_EMPTY_BODY = YES;
				CLANG_WARN_ENUM_CONVERSION = YES;
				CLANG_WARN_INFINITE_RECURSION = YES;
				CLANG_WARN_INT_CONVERSION = YES;
				CLANG_WARN_NON_LITERAL_NULL_CONVERSION = YES;
				CLANG_WARN_OBJC_IMPLICIT_RETAIN_SELF = YES;
				CLANG_WARN_OBJC_LITERAL_CONVERSION = YES;
				CLANG_WARN_OBJC_ROOT_CLASS = YES_ERROR;
				CLANG_WARN_QUOTED_INCLUDE_IN_FRAMEWORK_HEADER = YES;
				CLANG_WARN_RANGE_LOOP_ANALYSIS = YES;
				CLANG_WARN_STRICT_PROTOTYPES = YES;
				CLANG_WARN_SUSPICIOUS_MOVE = YES;
				CLANG_WARN_UNGUARDED_AVAILABILITY = YES_AGGRESSIVE;
				CLANG_WARN_UNREACHABLE_CODE = YES;
				CLANG_WARN__DUPLICATE_METHOD_MATCH = YES;
				COPY_PHASE_STRIP = NO;
				DEBUG_INFORMATION_FORMAT = dwarf;
				ENABLE_STRICT_OBJC_MSGSEND = YES;
				ENABLE_TESTABILITY = YES;
				GCC_C_LANGUAGE_STANDARD = gnu11;
				GCC_DYNAMIC_NO_PIC = NO;
				GCC_NO_COMMON_BLOCKS = YES;
				GCC_OPTIMIZATION_LEVEL = 0;
				GCC_PREPROCESSOR_DEFINITIONS = (
					"DEBUG=1",
					"$(inherited)",
				);
				GCC_WARN_64_TO_32_BIT_CONVERSION = YES;
				GCC_WARN_ABOUT_RETURN_TYPE = YES_ERROR;
				GCC_WARN_UNDECLARED_SELECTOR = YES;
				GCC_WARN_UNINITIALIZED_AUTOS = YES_AGGRESSIVE;
				GCC_WARN_UNUSED_FUNCTION = YES;
				GCC_WARN_UNUSED_VARIABLE = YES;
				IPHONEOS_DEPLOYMENT_TARGET = 16.0;
				MTL_ENABLE_DEBUG_INFO = INCLUDE_SOURCE;
				MTL_FAST_MATH = YES;
				ONLY_ACTIVE_ARCH = YES;
				SDKROOT = iphoneos;
				SWIFT_ACTIVE_COMPILATION_CONDITIONS = DEBUG;
				SWIFT_OPTIMIZATION_LEVEL = "-Onone";
			};
			name = Debug;
		};
		704E2FEC29080BE50012692E /* Release */ = {
			isa = XCBuildConfiguration;
			buildSettings = {
				ALWAYS_SEARCH_USER_PATHS = NO;
				CLANG_ANALYZER_NONNULL = YES;
				CLANG_ANALYZER_NUMBER_OBJECT_CONVERSION = YES_AGGRESSIVE;
				CLANG_CXX_LANGUAGE_STANDARD = "gnu++20";
				CLANG_ENABLE_MODULES = YES;
				CLANG_ENABLE_OBJC_ARC = YES;
				CLANG_ENABLE_OBJC_WEAK = YES;
				CLANG_WARN_BLOCK_CAPTURE_AUTORELEASING = YES;
				CLANG_WARN_BOOL_CONVERSION = YES;
				CLANG_WARN_COMMA = YES;
				CLANG_WARN_CONSTANT_CONVERSION = YES;
				CLANG_WARN_DEPRECATED_OBJC_IMPLEMENTATIONS = YES;
				CLANG_WARN_DIRECT_OBJC_ISA_USAGE = YES_ERROR;
				CLANG_WARN_DOCUMENTATION_COMMENTS = YES;
				CLANG_WARN_EMPTY_BODY = YES;
				CLANG_WARN_ENUM_CONVERSION = YES;
				CLANG_WARN_INFINITE_RECURSION = YES;
				CLANG_WARN_INT_CONVERSION = YES;
				CLANG_WARN_NON_LITERAL_NULL_CONVERSION = YES;
				CLANG_WARN_OBJC_IMPLICIT_RETAIN_SELF = YES;
				CLANG_WARN_OBJC_LITERAL_CONVERSION = YES;
				CLANG_WARN_OBJC_ROOT_CLASS = YES_ERROR;
				CLANG_WARN_QUOTED_INCLUDE_IN_FRAMEWORK_HEADER = YES;
				CLANG_WARN_RANGE_LOOP_ANALYSIS = YES;
				CLANG_WARN_STRICT_PROTOTYPES = YES;
				CLANG_WARN_SUSPICIOUS_MOVE = YES;
				CLANG_WARN_UNGUARDED_AVAILABILITY = YES_AGGRESSIVE;
				CLANG_WARN_UNREACHABLE_CODE = YES;
				CLANG_WARN__DUPLICATE_METHOD_MATCH = YES;
				COPY_PHASE_STRIP = NO;
				DEBUG_INFORMATION_FORMAT = "dwarf-with-dsym";
				ENABLE_NS_ASSERTIONS = NO;
				ENABLE_STRICT_OBJC_MSGSEND = YES;
				GCC_C_LANGUAGE_STANDARD = gnu11;
				GCC_NO_COMMON_BLOCKS = YES;
				GCC_WARN_64_TO_32_BIT_CONVERSION = YES;
				GCC_WARN_ABOUT_RETURN_TYPE = YES_ERROR;
				GCC_WARN_UNDECLARED_SELECTOR = YES;
				GCC_WARN_UNINITIALIZED_AUTOS = YES_AGGRESSIVE;
				GCC_WARN_UNUSED_FUNCTION = YES;
				GCC_WARN_UNUSED_VARIABLE = YES;
				IPHONEOS_DEPLOYMENT_TARGET = 16.0;
				MTL_ENABLE_DEBUG_INFO = NO;
				MTL_FAST_MATH = YES;
				SDKROOT = iphoneos;
				SWIFT_COMPILATION_MODE = wholemodule;
				SWIFT_OPTIMIZATION_LEVEL = "-O";
				VALIDATE_PRODUCT = YES;
			};
			name = Release;
		};
		704E2FEE29080BE50012692E /* Debug */ = {
			isa = XCBuildConfiguration;
			buildSettings = {
				ASSETCATALOG_COMPILER_APPICON_NAME = AppIcon;
				ASSETCATALOG_COMPILER_GLOBAL_ACCENT_COLOR_NAME = AccentColor;
				CODE_SIGN_STYLE = Automatic;
				CURRENT_PROJECT_VERSION = 1;
				DEVELOPMENT_ASSET_PATHS = "\"IOSContest2022/Preview Content\"";
				DEVELOPMENT_TEAM = 75HJK5L45N;
				ENABLE_PREVIEWS = YES;
				GENERATE_INFOPLIST_FILE = YES;
				INFOPLIST_FILE = IOSContest2022/Info.plist;
				INFOPLIST_KEY_NSPhotoLibraryUsageDescription = "This app needs your permission to take photos";
				INFOPLIST_KEY_UIApplicationSupportsIndirectInputEvents = YES;
				INFOPLIST_KEY_UILaunchScreen_Generation = YES;
				INFOPLIST_KEY_UISupportedInterfaceOrientations = UIInterfaceOrientationPortrait;
				INFOPLIST_KEY_UISupportedInterfaceOrientations_iPad = "UIInterfaceOrientationLandscapeLeft UIInterfaceOrientationLandscapeRight UIInterfaceOrientationPortrait UIInterfaceOrientationPortraitUpsideDown";
				INFOPLIST_KEY_UIUserInterfaceStyle = Dark;
				IPHONEOS_DEPLOYMENT_TARGET = 13.0;
				LD_RUNPATH_SEARCH_PATHS = (
					"$(inherited)",
					"@executable_path/Frameworks",
				);
				MARKETING_VERSION = 1.0;
				PRODUCT_BUNDLE_IDENTIFIER = Max.Zykin.IOSContest2022;
				PRODUCT_NAME = "$(TARGET_NAME)";
				SUPPORTED_PLATFORMS = "iphoneos iphonesimulator";
				SUPPORTS_MACCATALYST = NO;
				SUPPORTS_MAC_DESIGNED_FOR_IPHONE_IPAD = NO;
				SWIFT_EMIT_LOC_STRINGS = YES;
				SWIFT_VERSION = 5.0;
				TARGETED_DEVICE_FAMILY = 1;
			};
			name = Debug;
		};
		704E2FEF29080BE50012692E /* Release */ = {
			isa = XCBuildConfiguration;
			buildSettings = {
				ASSETCATALOG_COMPILER_APPICON_NAME = AppIcon;
				ASSETCATALOG_COMPILER_GLOBAL_ACCENT_COLOR_NAME = AccentColor;
				CODE_SIGN_STYLE = Automatic;
				CURRENT_PROJECT_VERSION = 1;
				DEVELOPMENT_ASSET_PATHS = "\"IOSContest2022/Preview Content\"";
				DEVELOPMENT_TEAM = 75HJK5L45N;
				ENABLE_PREVIEWS = YES;
				GENERATE_INFOPLIST_FILE = YES;
				INFOPLIST_FILE = IOSContest2022/Info.plist;
				INFOPLIST_KEY_NSPhotoLibraryUsageDescription = "This app needs your permission to take photos";
				INFOPLIST_KEY_UIApplicationSupportsIndirectInputEvents = YES;
				INFOPLIST_KEY_UILaunchScreen_Generation = YES;
				INFOPLIST_KEY_UISupportedInterfaceOrientations = UIInterfaceOrientationPortrait;
				INFOPLIST_KEY_UISupportedInterfaceOrientations_iPad = "UIInterfaceOrientationLandscapeLeft UIInterfaceOrientationLandscapeRight UIInterfaceOrientationPortrait UIInterfaceOrientationPortraitUpsideDown";
				INFOPLIST_KEY_UIUserInterfaceStyle = Dark;
				IPHONEOS_DEPLOYMENT_TARGET = 13.0;
				LD_RUNPATH_SEARCH_PATHS = (
					"$(inherited)",
					"@executable_path/Frameworks",
				);
				MARKETING_VERSION = 1.0;
				PRODUCT_BUNDLE_IDENTIFIER = Max.Zykin.IOSContest2022;
				PRODUCT_NAME = "$(TARGET_NAME)";
				SUPPORTED_PLATFORMS = "iphoneos iphonesimulator";
				SUPPORTS_MACCATALYST = NO;
				SUPPORTS_MAC_DESIGNED_FOR_IPHONE_IPAD = NO;
				SWIFT_EMIT_LOC_STRINGS = YES;
				SWIFT_VERSION = 5.0;
				TARGETED_DEVICE_FAMILY = 1;
			};
			name = Release;
		};
/* End XCBuildConfiguration section */

/* Begin XCConfigurationList section */
		704E2FDA29080BE50012692E /* Build configuration list for PBXProject "IOSContest2022" */ = {
			isa = XCConfigurationList;
			buildConfigurations = (
				704E2FEB29080BE50012692E /* Debug */,
				704E2FEC29080BE50012692E /* Release */,
			);
			defaultConfigurationIsVisible = 0;
			defaultConfigurationName = Release;
		};
		704E2FED29080BE50012692E /* Build configuration list for PBXNativeTarget "IOSContest2022" */ = {
			isa = XCConfigurationList;
			buildConfigurations = (
				704E2FEE29080BE50012692E /* Debug */,
				704E2FEF29080BE50012692E /* Release */,
			);
			defaultConfigurationIsVisible = 0;
			defaultConfigurationName = Release;
		};
/* End XCConfigurationList section */

/* Begin XCRemoteSwiftPackageReference section */
		70BF0EE4290EAA0400D92EC0 /* XCRemoteSwiftPackageReference "lottie-ios" */ = {
			isa = XCRemoteSwiftPackageReference;
			repositoryURL = "https://github.com/airbnb/lottie-ios.git";
			requirement = {
				kind = upToNextMajorVersion;
				minimumVersion = 3.0.0;
			};
		};
/* End XCRemoteSwiftPackageReference section */

/* Begin XCSwiftPackageProductDependency section */
		70BF0EE5290EAA0400D92EC0 /* Lottie */ = {
			isa = XCSwiftPackageProductDependency;
			package = 70BF0EE4290EAA0400D92EC0 /* XCRemoteSwiftPackageReference "lottie-ios" */;
			productName = Lottie;
		};
/* End XCSwiftPackageProductDependency section */
	};
	rootObject = 704E2FD729080BE50012692E /* Project object */;
}
